# THIS IS AN AUTOGENERATED FILE. DO NOT EDIT THIS FILE DIRECTLY.
# yarn lockfile v1


animal-avatar-generator@^1.2.0:
  version "1.2.0"
  resolved "https://registry.yarnpkg.com/animal-avatar-generator/-/animal-avatar-generator-1.2.0.tgz#298677c81d6e164cae949aabba03e2ff76d82481"
  integrity sha512-C9fExOFmO5jz2KcaDLSn8IhyRayy63M7E/hf3pTIe2GvbVWFqTIZFMSTH41VGRJD+zNWQLmQwcDaA42slEz3lA==
